{
  "version": 4,
  "terraform_version": "1.8.2",
  "serial": 1,
  "lineage": "2e9e2039-3fd9-5979-33ae-6001b47d4101",
  "outputs": {},
  "resources": [
    {
      "mode": "managed",
      "type": "newrelic_workload",
      "name": "workload",
      "provider": "provider[\"registry.terraform.io/newrelic/newrelic\"]",
      "instances": [
        {
          "schema_version": 0,
          "attributes": {
            "account_id": 4422835,
            "composite_entity_search_query": "(accountId IN ('4422835')) AND ((id IN ('NDQyMjgzNXxJTkZSQXxOQXwyMDY5MjIwNzY3MDQxNzE3MjA5'))) AND id != 'NDQyMjgzNXxOUjF8V09SS0xPQUR8MjIyNjgz'",
            "description": "test",
            "entity_guids": [
              "NDQyMjgzNXxJTkZSQXxOQXwyMDY5MjIwNzY3MDQxNzE3MjA5"
            ],
            "entity_search_query": [],
            "guid": "NDQyMjgzNXxOUjF8V09SS0xPQUR8MjIyNjgz",
            "id": "4422835:222683:NDQyMjgzNXxOUjF8V09SS0xPQUR8MjIyNjgz",
            "name": "Example workload",
            "permalink": "https://one.newrelic.com/redirect/entity/NDQyMjgzNXxOUjF8V09SS0xPQUR8MjIyNjgz",
            "scope_account_ids": [
              4422835
            ],
            "status_config_automatic": [],
            "status_config_static": [
              {
                "description": "test",
                "enabled": true,
                "status": "OPERATIONAL",
                "summary": "summary of the status"
              }
            ],
            "workload_id": 222683
          },
          "sensitive_attributes": [],
          "private": "bnVsbA=="
        }
      ]
    }
  ],
  "check_results": null
}
